
Microsoft Visual Studio Solution File, Format Version 12.00
# Visual Studio Version 17
VisualStudioVersion = 17.0.31903.59
MinimumVisualStudioVersion = 10.0.40219.1
Project("{2150E333-8FDC-42A3-9474-1A3956D46DE8}") = "src", "src", "{827E0CD3-B72D-47B6-A68D-7590B98EB39B}"
EndProject
Project("{FAE04EC0-301F-11D3-BF4B-00C04F79EFBC}") = "MarmotCs.Protocol", "src\MarmotCs.Protocol\MarmotCs.Protocol.csproj", "{8AD53E9C-E169-4DA5-8F74-0A30C2BFC03D}"
EndProject
Project("{FAE04EC0-301F-11D3-BF4B-00C04F79EFBC}") = "MarmotCs.Storage.Abstractions", "src\MarmotCs.Storage.Abstractions\MarmotCs.Storage.Abstractions.csproj", "{677D07E2-F215-4CA7-8B6A-ED47ABDDB401}"
EndProject
Project("{FAE04EC0-301F-11D3-BF4B-00C04F79EFBC}") = "MarmotCs.Storage.Memory", "src\MarmotCs.Storage.Memory\MarmotCs.Storage.Memory.csproj", "{706C22B8-F875-4950-959F-4DAC23030011}"
EndProject
Project("{FAE04EC0-301F-11D3-BF4B-00C04F79EFBC}") = "MarmotCs.Storage.Sqlite", "src\MarmotCs.Storage.Sqlite\MarmotCs.Storage.Sqlite.csproj", "{57448D5E-B5DF-48BF-B832-D51F93DD611E}"
EndProject
Project("{FAE04EC0-301F-11D3-BF4B-00C04F79EFBC}") = "MarmotCs.Core", "src\MarmotCs.Core\MarmotCs.Core.csproj", "{F5806994-9655-4535-9F57-6B1773904D09}"
EndProject
Project("{FAE04EC0-301F-11D3-BF4B-00C04F79EFBC}") = "MarmotCs.Protocol.Tests", "tests\MarmotCs.Protocol.Tests\MarmotCs.Protocol.Tests.csproj", "{85F26861-A810-46F3-97AC-E071336D2281}"
EndProject
Project("{FAE04EC0-301F-11D3-BF4B-00C04F79EFBC}") = "MarmotCs.Storage.Tests", "tests\MarmotCs.Storage.Tests\MarmotCs.Storage.Tests.csproj", "{18C20236-C5D7-43AE-8FF4-FE3F1D5A8C12}"
EndProject
Project("{FAE04EC0-301F-11D3-BF4B-00C04F79EFBC}") = "MarmotCs.Core.Tests", "tests\MarmotCs.Core.Tests\MarmotCs.Core.Tests.csproj", "{3E91F14C-B408-4460-B790-59A39BB7A2FC}"
EndProject
Project("{FAE04EC0-301F-11D3-BF4B-00C04F79EFBC}") = "MarmotCs.Integration.Tests", "tests\MarmotCs.Integration.Tests\MarmotCs.Integration.Tests.csproj", "{168D7A90-0BFF-42F3-B51F-3DCA3B5FCC48}"
EndProject
Global
	GlobalSection(SolutionConfigurationPlatforms) = preSolution
		Debug|Any CPU = Debug|Any CPU
		Debug|x64 = Debug|x64
		Debug|x86 = Debug|x86
		Release|Any CPU = Release|Any CPU
		Release|x64 = Release|x64
		Release|x86 = Release|x86
	EndGlobalSection
	GlobalSection(ProjectConfigurationPlatforms) = postSolution
		{8AD53E9C-E169-4DA5-8F74-0A30C2BFC03D}.Debug|Any CPU.ActiveCfg = Debug|Any CPU
		{8AD53E9C-E169-4DA5-8F74-0A30C2BFC03D}.Debug|Any CPU.Build.0 = Debug|Any CPU
		{8AD53E9C-E169-4DA5-8F74-0A30C2BFC03D}.Debug|x64.ActiveCfg = Debug|Any CPU
		{8AD53E9C-E169-4DA5-8F74-0A30C2BFC03D}.Debug|x64.Build.0 = Debug|Any CPU
		{8AD53E9C-E169-4DA5-8F74-0A30C2BFC03D}.Debug|x86.ActiveCfg = Debug|Any CPU
		{8AD53E9C-E169-4DA5-8F74-0A30C2BFC03D}.Debug|x86.Build.0 = Debug|Any CPU
		{8AD53E9C-E169-4DA5-8F74-0A30C2BFC03D}.Release|Any CPU.ActiveCfg = Release|Any CPU
		{8AD53E9C-E169-4DA5-8F74-0A30C2BFC03D}.Release|Any CPU.Build.0 = Release|Any CPU
		{8AD53E9C-E169-4DA5-8F74-0A30C2BFC03D}.Release|x64.ActiveCfg = Release|Any CPU
		{8AD53E9C-E169-4DA5-8F74-0A30C2BFC03D}.Release|x64.Build.0 = Release|Any CPU
		{8AD53E9C-E169-4DA5-8F74-0A30C2BFC03D}.Release|x86.ActiveCfg = Release|Any CPU
		{8AD53E9C-E169-4DA5-8F74-0A30C2BFC03D}.Release|x86.Build.0 = Release|Any CPU
		{677D07E2-F215-4CA7-8B6A-ED47ABDDB401}.Debug|Any CPU.ActiveCfg = Debug|Any CPU
		{677D07E2-F215-4CA7-8B6A-ED47ABDDB401}.Debug|Any CPU.Build.0 = Debug|Any CPU
		{677D07E2-F215-4CA7-8B6A-ED47ABDDB401}.Debug|x64.ActiveCfg = Debug|Any CPU
		{677D07E2-F215-4CA7-8B6A-ED47ABDDB401}.Debug|x64.Build.0 = Debug|Any CPU
		{677D07E2-F215-4CA7-8B6A-ED47ABDDB401}.Debug|x86.ActiveCfg = Debug|Any CPU
		{677D07E2-F215-4CA7-8B6A-ED47ABDDB401}.Debug|x86.Build.0 = Debug|Any CPU
		{677D07E2-F215-4CA7-8B6A-ED47ABDDB401}.Release|Any CPU.ActiveCfg = Release|Any CPU
		{677D07E2-F215-4CA7-8B6A-ED47ABDDB401}.Release|Any CPU.Build.0 = Release|Any CPU
		{677D07E2-F215-4CA7-8B6A-ED47ABDDB401}.Release|x64.ActiveCfg = Release|Any CPU
		{677D07E2-F215-4CA7-8B6A-ED47ABDDB401}.Release|x64.Build.0 = Release|Any CPU
		{677D07E2-F215-4CA7-8B6A-ED47ABDDB401}.Release|x86.ActiveCfg = Release|Any CPU
		{677D07E2-F215-4CA7-8B6A-ED47ABDDB401}.Release|x86.Build.0 = Release|Any CPU
		{706C22B8-F875-4950-959F-4DAC23030011}.Debug|Any CPU.ActiveCfg = Debug|Any CPU
		{706C22B8-F875-4950-959F-4DAC23030011}.Debug|Any CPU.Build.0 = Debug|Any CPU
		{706C22B8-F875-4950-959F-4DAC23030011}.Debug|x64.ActiveCfg = Debug|Any CPU
		{706C22B8-F875-4950-959F-4DAC23030011}.Debug|x64.Build.0 = Debug|Any CPU
		{706C22B8-F875-4950-959F-4DAC23030011}.Debug|x86.ActiveCfg = Debug|Any CPU
		{706C22B8-F875-4950-959F-4DAC23030011}.Debug|x86.Build.0 = Debug|Any CPU
		{706C22B8-F875-4950-959F-4DAC23030011}.Release|Any CPU.ActiveCfg = Release|Any CPU
		{706C22B8-F875-4950-959F-4DAC23030011}.Release|Any CPU.Build.0 = Release|Any CPU
		{706C22B8-F875-4950-959F-4DAC23030011}.Release|x64.ActiveCfg = Release|Any CPU
		{706C22B8-F875-4950-959F-4DAC23030011}.Release|x64.Build.0 = Release|Any CPU
		{706C22B8-F875-4950-959F-4DAC23030011}.Release|x86.ActiveCfg = Release|Any CPU
		{706C22B8-F875-4950-959F-4DAC23030011}.Release|x86.Build.0 = Release|Any CPU
		{57448D5E-B5DF-48BF-B832-D51F93DD611E}.Debug|Any CPU.ActiveCfg = Debug|Any CPU
		{57448D5E-B5DF-48BF-B832-D51F93DD611E}.Debug|Any CPU.Build.0 = Debug|Any CPU
		{57448D5E-B5DF-48BF-B832-D51F93DD611E}.Debug|x64.ActiveCfg = Debug|Any CPU
		{57448D5E-B5DF-48BF-B832-D51F93DD611E}.Debug|x64.Build.0 = Debug|Any CPU
		{57448D5E-B5DF-48BF-B832-D51F93DD611E}.Debug|x86.ActiveCfg = Debug|Any CPU
		{57448D5E-B5DF-48BF-B832-D51F93DD611E}.Debug|x86.Build.0 = Debug|Any CPU
		{57448D5E-B5DF-48BF-B832-D51F93DD611E}.Release|Any CPU.ActiveCfg = Release|Any CPU
		{57448D5E-B5DF-48BF-B832-D51F93DD611E}.Release|Any CPU.Build.0 = Release|Any CPU
		{57448D5E-B5DF-48BF-B832-D51F93DD611E}.Release|x64.ActiveCfg = Release|Any CPU
		{57448D5E-B5DF-48BF-B832-D51F93DD611E}.Release|x64.Build.0 = Release|Any CPU
		{57448D5E-B5DF-48BF-B832-D51F93DD611E}.Release|x86.ActiveCfg = Release|Any CPU
		{57448D5E-B5DF-48BF-B832-D51F93DD611E}.Release|x86.Build.0 = Release|Any CPU
		{F5806994-9655-4535-9F57-6B1773904D09}.Debug|Any CPU.ActiveCfg = Debug|Any CPU
		{F5806994-9655-4535-9F57-6B1773904D09}.Debug|Any CPU.Build.0 = Debug|Any CPU
		{F5806994-9655-4535-9F57-6B1773904D09}.Debug|x64.ActiveCfg = Debug|Any CPU
		{F5806994-9655-4535-9F57-6B1773904D09}.Debug|x64.Build.0 = Debug|Any CPU
		{F5806994-9655-4535-9F57-6B1773904D09}.Debug|x86.ActiveCfg = Debug|Any CPU
		{F5806994-9655-4535-9F57-6B1773904D09}.Debug|x86.Build.0 = Debug|Any CPU
		{F5806994-9655-4535-9F57-6B1773904D09}.Release|Any CPU.ActiveCfg = Release|Any CPU
		{F5806994-9655-4535-9F57-6B1773904D09}.Release|Any CPU.Build.0 = Release|Any CPU
		{F5806994-9655-4535-9F57-6B1773904D09}.Release|x64.ActiveCfg = Release|Any CPU
		{F5806994-9655-4535-9F57-6B1773904D09}.Release|x64.Build.0 = Release|Any CPU
		{F5806994-9655-4535-9F57-6B1773904D09}.Release|x86.ActiveCfg = Release|Any CPU
		{F5806994-9655-4535-9F57-6B1773904D09}.Release|x86.Build.0 = Release|Any CPU
		{85F26861-A810-46F3-97AC-E071336D2281}.Debug|Any CPU.ActiveCfg = Debug|Any CPU
		{85F26861-A810-46F3-97AC-E071336D2281}.Debug|Any CPU.Build.0 = Debug|Any CPU
		{85F26861-A810-46F3-97AC-E071336D2281}.Debug|x64.ActiveCfg = Debug|Any CPU
		{85F26861-A810-46F3-97AC-E071336D2281}.Debug|x64.Build.0 = Debug|Any CPU
		{85F26861-A810-46F3-97AC-E071336D2281}.Debug|x86.ActiveCfg = Debug|Any CPU
		{85F26861-A810-46F3-97AC-E071336D2281}.Debug|x86.Build.0 = Debug|Any CPU
		{85F26861-A810-46F3-97AC-E071336D2281}.Release|Any CPU.ActiveCfg = Release|Any CPU
		{85F26861-A810-46F3-97AC-E071336D2281}.Release|Any CPU.Build.0 = Release|Any CPU
		{85F26861-A810-46F3-97AC-E071336D2281}.Release|x64.ActiveCfg = Release|Any CPU
		{85F26861-A810-46F3-97AC-E071336D2281}.Release|x64.Build.0 = Release|Any CPU
		{85F26861-A810-46F3-97AC-E071336D2281}.Release|x86.ActiveCfg = Release|Any CPU
		{85F26861-A810-46F3-97AC-E071336D2281}.Release|x86.Build.0 = Release|Any CPU
		{18C20236-C5D7-43AE-8FF4-FE3F1D5A8C12}.Debug|Any CPU.ActiveCfg = Debug|Any CPU
		{18C20236-C5D7-43AE-8FF4-FE3F1D5A8C12}.Debug|Any CPU.Build.0 = Debug|Any CPU
		{18C20236-C5D7-43AE-8FF4-FE3F1D5A8C12}.Debug|x64.ActiveCfg = Debug|Any CPU
		{18C20236-C5D7-43AE-8FF4-FE3F1D5A8C12}.Debug|x64.Build.0 = Debug|Any CPU
		{18C20236-C5D7-43AE-8FF4-FE3F1D5A8C12}.Debug|x86.ActiveCfg = Debug|Any CPU
		{18C20236-C5D7-43AE-8FF4-FE3F1D5A8C12}.Debug|x86.Build.0 = Debug|Any CPU
		{18C20236-C5D7-43AE-8FF4-FE3F1D5A8C12}.Release|Any CPU.ActiveCfg = Release|Any CPU
		{18C20236-C5D7-43AE-8FF4-FE3F1D5A8C12}.Release|Any CPU.Build.0 = Release|Any CPU
		{18C20236-C5D7-43AE-8FF4-FE3F1D5A8C12}.Release|x64.ActiveCfg = Release|Any CPU
		{18C20236-C5D7-43AE-8FF4-FE3F1D5A8C12}.Release|x64.Build.0 = Release|Any CPU
		{18C20236-C5D7-43AE-8FF4-FE3F1D5A8C12}.Release|x86.ActiveCfg = Release|Any CPU
		{18C20236-C5D7-43AE-8FF4-FE3F1D5A8C12}.Release|x86.Build.0 = Release|Any CPU
		{3E91F14C-B408-4460-B790-59A39BB7A2FC}.Debug|Any CPU.ActiveCfg = Debug|Any CPU
		{3E91F14C-B408-4460-B790-59A39BB7A2FC}.Debug|Any CPU.Build.0 = Debug|Any CPU
		{3E91F14C-B408-4460-B790-59A39BB7A2FC}.Debug|x64.ActiveCfg = Debug|Any CPU
		{3E91F14C-B408-4460-B790-59A39BB7A2FC}.Debug|x64.Build.0 = Debug|Any CPU
		{3E91F14C-B408-4460-B790-59A39BB7A2FC}.Debug|x86.ActiveCfg = Debug|Any CPU
		{3E91F14C-B408-4460-B790-59A39BB7A2FC}.Debug|x86.Build.0 = Debug|Any CPU
		{3E91F14C-B408-4460-B790-59A39BB7A2FC}.Release|Any CPU.ActiveCfg = Release|Any CPU
		{3E91F14C-B408-4460-B790-59A39BB7A2FC}.Release|Any CPU.Build.0 = Release|Any CPU
		{3E91F14C-B408-4460-B790-59A39BB7A2FC}.Release|x64.ActiveCfg = Release|Any CPU
		{3E91F14C-B408-4460-B790-59A39BB7A2FC}.Release|x64.Build.0 = Release|Any CPU
		{3E91F14C-B408-4460-B790-59A39BB7A2FC}.Release|x86.ActiveCfg = Release|Any CPU
		{3E91F14C-B408-4460-B790-59A39BB7A2FC}.Release|x86.Build.0 = Release|Any CPU
		{168D7A90-0BFF-42F3-B51F-3DCA3B5FCC48}.Debug|Any CPU.ActiveCfg = Debug|Any CPU
		{168D7A90-0BFF-42F3-B51F-3DCA3B5FCC48}.Debug|Any CPU.Build.0 = Debug|Any CPU
		{168D7A90-0BFF-42F3-B51F-3DCA3B5FCC48}.Debug|x64.ActiveCfg = Debug|Any CPU
		{168D7A90-0BFF-42F3-B51F-3DCA3B5FCC48}.Debug|x64.Build.0 = Debug|Any CPU
		{168D7A90-0BFF-42F3-B51F-3DCA3B5FCC48}.Debug|x86.ActiveCfg = Debug|Any CPU
		{168D7A90-0BFF-42F3-B51F-3DCA3B5FCC48}.Debug|x86.Build.0 = Debug|Any CPU
		{168D7A90-0BFF-42F3-B51F-3DCA3B5FCC48}.Release|Any CPU.ActiveCfg = Release|Any CPU
		{168D7A90-0BFF-42F3-B51F-3DCA3B5FCC48}.Release|Any CPU.Build.0 = Release|Any CPU
		{168D7A90-0BFF-42F3-B51F-3DCA3B5FCC48}.Release|x64.ActiveCfg = Release|Any CPU
		{168D7A90-0BFF-42F3-B51F-3DCA3B5FCC48}.Release|x64.Build.0 = Release|Any CPU
		{168D7A90-0BFF-42F3-B51F-3DCA3B5FCC48}.Release|x86.ActiveCfg = Release|Any CPU
		{168D7A90-0BFF-42F3-B51F-3DCA3B5FCC48}.Release|x86.Build.0 = Release|Any CPU
	EndGlobalSection
	GlobalSection(SolutionProperties) = preSolution
		HideSolutionNode = FALSE
	EndGlobalSection
	GlobalSection(NestedProjects) = preSolution
		{8AD53E9C-E169-4DA5-8F74-0A30C2BFC03D} = {827E0CD3-B72D-47B6-A68D-7590B98EB39B}
		{677D07E2-F215-4CA7-8B6A-ED47ABDDB401} = {827E0CD3-B72D-47B6-A68D-7590B98EB39B}
		{706C22B8-F875-4950-959F-4DAC23030011} = {827E0CD3-B72D-47B6-A68D-7590B98EB39B}
		{57448D5E-B5DF-48BF-B832-D51F93DD611E} = {827E0CD3-B72D-47B6-A68D-7590B98EB39B}
		{F5806994-9655-4535-9F57-6B1773904D09} = {827E0CD3-B72D-47B6-A68D-7590B98EB39B}
		{85F26861-A810-46F3-97AC-E071336D2281} = {827E0CD3-B72D-47B6-A68D-7590B98EB39B}
		{18C20236-C5D7-43AE-8FF4-FE3F1D5A8C12} = {827E0CD3-B72D-47B6-A68D-7590B98EB39B}
		{3E91F14C-B408-4460-B790-59A39BB7A2FC} = {827E0CD3-B72D-47B6-A68D-7590B98EB39B}
		{168D7A90-0BFF-42F3-B51F-3DCA3B5FCC48} = {827E0CD3-B72D-47B6-A68D-7590B98EB39B}
	EndGlobalSection
EndGlobal
